
Microsoft Visual Studio Solution File, Format Version 12.00
# Visual Studio 14
VisualStudioVersion = 14.0.25420.1
MinimumVisualStudioVersion = 10.0.40219.1
Project("{8BC9CEB8-8B4A-11D0-8D11-00A0C91BC942}") = "runtimeKey", "runtimeKey.vcxproj", "{F11DE18F-303B-4D3A-A3CC-91BA1E4B868B}"
EndProject
Global
	GlobalSection(SolutionConfigurationPlatforms) = preSolution
		Debug_sdk|x64 = Debug_sdk|x64
		Release_sdk|x64 = Release_sdk|x64
	EndGlobalSection
	GlobalSection(ProjectConfigurationPlatforms) = postSolution
		{F11DE18F-303B-4D3A-A3CC-91BA1E4B868B}.Debug_sdk|x64.ActiveCfg = Debug_sdk|x64
		{F11DE18F-303B-4D3A-A3CC-91BA1E4B868B}.Debug_sdk|x64.Build.0 = Debug_sdk|x64
		{F11DE18F-303B-4D3A-A3CC-91BA1E4B868B}.Release_sdk|x64.ActiveCfg = Release_sdk|x64
		{F11DE18F-303B-4D3A-A3CC-91BA1E4B868B}.Release_sdk|x64.Build.0 = Release_sdk|x64
	EndGlobalSection
	GlobalSection(SolutionProperties) = preSolution
		HideSolutionNode = FALSE
	EndGlobalSection
EndGlobal
